
Microsoft Visual Studio Solution File, Format Version 12.00
# Visual Studio Version 17
VisualStudioVersion = 17.0.31903.59
MinimumVisualStudioVersion = 10.0.40219.1
Project("{FAE04EC0-301F-11D3-BF4B-00C04F79EFBC}") = "BuberDinner.Api", "BuberDinner.Api\BuberDinner.Api.csproj", "{7F6B9822-E52A-4F8A-A45D-8E68BA767009}"
EndProject
Project("{FAE04EC0-301F-11D3-BF4B-00C04F79EFBC}") = "BuberDinner.Application", "BuberDinner.Application\BuberDinner.Application.csproj", "{4AB7D9B7-3B7D-477F-A93A-875E4E85E521}"
EndProject
Project("{FAE04EC0-301F-11D3-BF4B-00C04F79EFBC}") = "BuberDinner.Contracts", "BuberDinner.Contracts\BuberDinner.Contracts.csproj", "{4CDF10ED-508D-4165-89CF-E17B284ECDD9}"
EndProject
Project("{FAE04EC0-301F-11D3-BF4B-00C04F79EFBC}") = "BuberDinner.Domain", "BuberDinner.Domain\BuberDinner.Domain.csproj", "{FCE54331-A0C1-4A2A-A29D-2E147DE68D65}"
EndProject
Project("{FAE04EC0-301F-11D3-BF4B-00C04F79EFBC}") = "BuberDinner.Infrastructure", "BuberDinner.Infrastructure\BuberDinner.Infrastructure.csproj", "{3829565E-E7AB-4A68-B893-D3EABDCDB944}"
EndProject
Global
	GlobalSection(SolutionConfigurationPlatforms) = preSolution
		Debug|Any CPU = Debug|Any CPU
		Release|Any CPU = Release|Any CPU
	EndGlobalSection
	GlobalSection(SolutionProperties) = preSolution
		HideSolutionNode = FALSE
	EndGlobalSection
	GlobalSection(ProjectConfigurationPlatforms) = postSolution
		{7F6B9822-E52A-4F8A-A45D-8E68BA767009}.Debug|Any CPU.ActiveCfg = Debug|Any CPU
		{7F6B9822-E52A-4F8A-A45D-8E68BA767009}.Debug|Any CPU.Build.0 = Debug|Any CPU
		{7F6B9822-E52A-4F8A-A45D-8E68BA767009}.Release|Any CPU.ActiveCfg = Release|Any CPU
		{7F6B9822-E52A-4F8A-A45D-8E68BA767009}.Release|Any CPU.Build.0 = Release|Any CPU
		{4AB7D9B7-3B7D-477F-A93A-875E4E85E521}.Debug|Any CPU.ActiveCfg = Debug|Any CPU
		{4AB7D9B7-3B7D-477F-A93A-875E4E85E521}.Debug|Any CPU.Build.0 = Debug|Any CPU
		{4AB7D9B7-3B7D-477F-A93A-875E4E85E521}.Release|Any CPU.ActiveCfg = Release|Any CPU
		{4AB7D9B7-3B7D-477F-A93A-875E4E85E521}.Release|Any CPU.Build.0 = Release|Any CPU
		{4CDF10ED-508D-4165-89CF-E17B284ECDD9}.Debug|Any CPU.ActiveCfg = Debug|Any CPU
		{4CDF10ED-508D-4165-89CF-E17B284ECDD9}.Debug|Any CPU.Build.0 = Debug|Any CPU
		{4CDF10ED-508D-4165-89CF-E17B284ECDD9}.Release|Any CPU.ActiveCfg = Release|Any CPU
		{4CDF10ED-508D-4165-89CF-E17B284ECDD9}.Release|Any CPU.Build.0 = Release|Any CPU
		{FCE54331-A0C1-4A2A-A29D-2E147DE68D65}.Debug|Any CPU.ActiveCfg = Debug|Any CPU
		{FCE54331-A0C1-4A2A-A29D-2E147DE68D65}.Debug|Any CPU.Build.0 = Debug|Any CPU
		{FCE54331-A0C1-4A2A-A29D-2E147DE68D65}.Release|Any CPU.ActiveCfg = Release|Any CPU
		{FCE54331-A0C1-4A2A-A29D-2E147DE68D65}.Release|Any CPU.Build.0 = Release|Any CPU
		{3829565E-E7AB-4A68-B893-D3EABDCDB944}.Debug|Any CPU.ActiveCfg = Debug|Any CPU
		{3829565E-E7AB-4A68-B893-D3EABDCDB944}.Debug|Any CPU.Build.0 = Debug|Any CPU
		{3829565E-E7AB-4A68-B893-D3EABDCDB944}.Release|Any CPU.ActiveCfg = Release|Any CPU
		{3829565E-E7AB-4A68-B893-D3EABDCDB944}.Release|Any CPU.Build.0 = Release|Any CPU
	EndGlobalSection
EndGlobal
